{
    "_readme": [
        "This file locks the dependencies of your project to a known state",
        "Read more about it at https://getcomposer.org/doc/01-basic-usage.md#installing-dependencies",
        "This file is @generated automatically"
    ],
    "content-hash": "8809186f28999c353caad998068a7583",
    "packages": [
        {
            "name": "spatie/calendar-links",
            "version": "1.8.5",
            "source": {
                "type": "git",
                "url": "https://github.com/spatie/calendar-links.git",
                "reference": "d6f6c5e7ff916e2a55e2160d4db4f15875cb6e07"
            },
            "dist": {
                "type": "zip",
                "url": "https://api.github.com/repos/spatie/calendar-links/zipball/d6f6c5e7ff916e2a55e2160d4db4f15875cb6e07",
                "reference": "d6f6c5e7ff916e2a55e2160d4db4f15875cb6e07",
                "shasum": ""
            },
            "require": {
                "php": "^8.0"
            },
            "require-dev": {
                "friendsofphp/php-cs-fixer": "^3.14",
                "phpunit/phpunit": "^9.6 || ^10.0",
                "spatie/phpunit-snapshot-assertions": "^4.2 || ^5.0",
                "vimeo/psalm": "^5.6"
            },
            "type": "library",
            "autoload": {
                "psr-4": {
                    "Spatie\\CalendarLinks\\": "src"
                }
            },
            "notification-url": "https://packagist.org/downloads/",
            "license": [
                "MIT"
            ],
            "authors": [
                {
                    "name": "Sebastian De Deyne",
                    "email": "sebastian@spatie.be",
                    "homepage": "https://spatie.be",
                    "role": "Developer"
                }
            ],
            "description": "Generate add to calendar links for Google, iCal and other calendar systems",
            "homepage": "https://github.com/spatie/calendar-links",
            "keywords": [
                "calendar-links",
                "spatie"
            ],
            "support": {
                "issues": "https://github.com/spatie/calendar-links/issues",
                "source": "https://github.com/spatie/calendar-links/tree/1.8.5"
            },
            "funding": [
                {
                    "url": "https://spatie.be/open-source/support-us",
                    "type": "custom"
                }
            ],
            "time": "2023-03-02T16:05:13+00:00"
        }
    ],
    "packages-dev": [],
    "aliases": [],
    "minimum-stability": "stable",
    "stability-flags": [],
    "prefer-stable": false,
    "prefer-lowest": false,
    "platform": [],
    "platform-dev": [],
    "plugin-api-version": "2.3.0"
}
