{
    "_readme": [
        "This file locks the dependencies of your project to a known state",
        "Read more about it at https://getcomposer.org/doc/01-basic-usage.md#installing-dependencies",
        "This file is @generated automatically"
    ],
    "content-hash": "af7eee03878d3cc349a45b69d6c97d94",
    "packages": [
        {
            "name": "spatie/calendar-links",
            "version": "2.0",
            "source": {
                "type": "git",
                "url": "https://github.com/spatie/calendar-links.git",
                "reference": "8031e8dea654ed61b4729ce7c4d248f11bd7153f"
            },
            "dist": {
                "type": "zip",
                "url": "https://api.github.com/repos/spatie/calendar-links/zipball/8031e8dea654ed61b4729ce7c4d248f11bd7153f",
                "reference": "8031e8dea654ed61b4729ce7c4d248f11bd7153f",
                "shasum": ""
            },
            "require": {
                "php": "^8.3"
            },
            "require-dev": {
                "friendsofphp/php-cs-fixer": "^3.93",
                "phpunit/phpunit": "^12.5 || ^13.0",
                "spatie/phpunit-snapshot-assertions": "^5.3",
                "vimeo/psalm": "^6.15"
            },
            "type": "library",
            "autoload": {
                "psr-4": {
                    "Spatie\\CalendarLinks\\": "src"
                }
            },
            "notification-url": "https://packagist.org/downloads/",
            "license": [
                "MIT"
            ],
            "authors": [
                {
                    "name": "Sebastian De Deyne",
                    "email": "sebastian@spatie.be",
                    "homepage": "https://spatie.be",
                    "role": "Developer"
                }
            ],
            "description": "Generate add to calendar links for Google, iCal and other calendar systems",
            "homepage": "https://github.com/spatie/calendar-links",
            "keywords": [
                "calendar-links",
                "spatie"
            ],
            "support": {
                "issues": "https://github.com/spatie/calendar-links/issues",
                "source": "https://github.com/spatie/calendar-links/tree/2.0"
            },
            "funding": [
                {
                    "url": "https://spatie.be/open-source/support-us",
                    "type": "custom"
                }
            ],
            "time": "2026-02-10T09:25:16+00:00"
        }
    ],
    "packages-dev": [],
    "aliases": [],
    "minimum-stability": "stable",
    "stability-flags": {},
    "prefer-stable": false,
    "prefer-lowest": false,
    "platform": {},
    "platform-dev": {},
    "plugin-api-version": "2.6.0"
}
